// !$*UTF8*$!
{
	archiveVersion = 1;
	classes = {
	};
	objectVersion = 46;
	objects = {

/* Begin PBXBuildFile section */
		979104411B2290790090FE6D /* UICollectionView+ARDynamicCacheHeightLayoutCell.m in Sources */ = {isa = PBXBuildFile; fileRef = 979104401B2290790090FE6D /* UICollectionView+ARDynamicCacheHeightLayoutCell.m */; };
		97A65D0A1B0B08B1008F0C99 /* main.m in Sources */ = {isa = PBXBuildFile; fileRef = 97A65D091B0B08B1008F0C99 /* main.m */; };
		97A65D0D1B0B08B1008F0C99 /* AppDelegate.m in Sources */ = {isa = PBXBuildFile; fileRef = 97A65D0C1B0B08B1008F0C99 /* AppDelegate.m */; };
		97A65D101B0B08B1008F0C99 /* ViewController.m in Sources */ = {isa = PBXBuildFile; fileRef = 97A65D0F1B0B08B1008F0C99 /* ViewController.m */; };
		97A65D131B0B08B1008F0C99 /* Main.storyboard in Resources */ = {isa = PBXBuildFile; fileRef = 97A65D111B0B08B1008F0C99 /* Main.storyboard */; };
		97A65D151B0B08B1008F0C99 /* Images.xcassets in Resources */ = {isa = PBXBuildFile; fileRef = 97A65D141B0B08B1008F0C99 /* Images.xcassets */; };
		97A65D181B0B08B1008F0C99 /* LaunchScreen.xib in Resources */ = {isa = PBXBuildFile; fileRef = 97A65D161B0B08B1008F0C99 /* LaunchScreen.xib */; };
		97A65D241B0B08B1008F0C99 /* DynamicHeightCellLayoutDemoTests.m in Sources */ = {isa = PBXBuildFile; fileRef = 97A65D231B0B08B1008F0C99 /* DynamicHeightCellLayoutDemoTests.m */; };
		97A65D301B0B0947008F0C99 /* UICollectionView+ARDynamicHeightLayoutCell.m in Sources */ = {isa = PBXBuildFile; fileRef = 97A65D2F1B0B0947008F0C99 /* UICollectionView+ARDynamicHeightLayoutCell.m */; };
		97A65D361B0B103F008F0C99 /* FeedModel.m in Sources */ = {isa = PBXBuildFile; fileRef = 97A65D351B0B103F008F0C99 /* FeedModel.m */; };
		97A65D3C1B0B214F008F0C99 /* DynamicHeightCell.m in Sources */ = {isa = PBXBuildFile; fileRef = 97A65D3A1B0B214F008F0C99 /* DynamicHeightCell.m */; };
		97A65D3D1B0B214F008F0C99 /* DynamicHeightCell.xib in Resources */ = {isa = PBXBuildFile; fileRef = 97A65D3B1B0B214F008F0C99 /* DynamicHeightCell.xib */; };
		97BCDED51B1B34CE00573AB7 /* DynamicSizeCell.m in Sources */ = {isa = PBXBuildFile; fileRef = 97BCDED31B1B34CE00573AB7 /* DynamicSizeCell.m */; };
		97BCDED61B1B34CE00573AB7 /* DynamicSizeCell.xib in Resources */ = {isa = PBXBuildFile; fileRef = 97BCDED41B1B34CE00573AB7 /* DynamicSizeCell.xib */; };
/* End PBXBuildFile section */

/* Begin PBXContainerItemProxy section */
		97A65D1E1B0B08B1008F0C99 /* PBXContainerItemProxy */ = {
			isa = PBXContainerItemProxy;
			containerPortal = 97A65CFC1B0B08B1008F0C99 /* Project object */;
			proxyType = 1;
			remoteGlobalIDString = 97A65D031B0B08B1008F0C99;
			remoteInfo = DynamicHeightCellLayoutDemo;
		};
/* End PBXContainerItemProxy section */

/* Begin PBXFileReference section */
		9791043F1B2290790090FE6D /* UICollectionView+ARDynamicCacheHeightLayoutCell.h */ = {isa = PBXFileReference; fileEncoding = 4; lastKnownFileType = sourcecode.c.h; path = "UICollectionView+ARDynamicCacheHeightLayoutCell.h"; sourceTree = "<group>"; };
		979104401B2290790090FE6D /* UICollectionView+ARDynamicCacheHeightLayoutCell.m */ = {isa = PBXFileReference; fileEncoding = 4; lastKnownFileType = sourcecode.c.objc; path = "UICollectionView+ARDynamicCacheHeightLayoutCell.m"; sourceTree = "<group>"; };
		97A65D041B0B08B1008F0C99 /* DynamicHeightCellLayoutDemo.app */ = {isa = PBXFileReference; explicitFileType = wrapper.application; includeInIndex = 0; path = DynamicHeightCellLayoutDemo.app; sourceTree = BUILT_PRODUCTS_DIR; };
		97A65D081B0B08B1008F0C99 /* Info.plist */ = {isa = PBXFileReference; lastKnownFileType = text.plist.xml; path = Info.plist; sourceTree = "<group>"; };
		97A65D091B0B08B1008F0C99 /* main.m */ = {isa = PBXFileReference; lastKnownFileType = sourcecode.c.objc; path = main.m; sourceTree = "<group>"; };
		97A65D0B1B0B08B1008F0C99 /* AppDelegate.h */ = {isa = PBXFileReference; lastKnownFileType = sourcecode.c.h; path = AppDelegate.h; sourceTree = "<group>"; };
		97A65D0C1B0B08B1008F0C99 /* AppDelegate.m */ = {isa = PBXFileReference; lastKnownFileType = sourcecode.c.objc; path = AppDelegate.m; sourceTree = "<group>"; };
		97A65D0E1B0B08B1008F0C99 /* ViewController.h */ = {isa = PBXFileReference; lastKnownFileType = sourcecode.c.h; path = ViewController.h; sourceTree = "<group>"; };
		97A65D0F1B0B08B1008F0C99 /* ViewController.m */ = {isa = PBXFileReference; lastKnownFileType = sourcecode.c.objc; path = ViewController.m; sourceTree = "<group>"; };
		97A65D121B0B08B1008F0C99 /* Base */ = {isa = PBXFileReference; lastKnownFileType = file.storyboard; name = Base; path = Base.lproj/Main.storyboard; sourceTree = "<group>"; };
		97A65D141B0B08B1008F0C99 /* Images.xcassets */ = {isa = PBXFileReference; lastKnownFileType = folder.assetcatalog; path = Images.xcassets; sourceTree = "<group>"; };
		97A65D171B0B08B1008F0C99 /* Base */ = {isa = PBXFileReference; lastKnownFileType = file.xib; name = Base; path = Base.lproj/LaunchScreen.xib; sourceTree = "<group>"; };
		97A65D1D1B0B08B1008F0C99 /* DynamicHeightCellLayoutDemoTests.xctest */ = {isa = PBXFileReference; explicitFileType = wrapper.cfbundle; includeInIndex = 0; path = DynamicHeightCellLayoutDemoTests.xctest; sourceTree = BUILT_PRODUCTS_DIR; };
		97A65D221B0B08B1008F0C99 /* Info.plist */ = {isa = PBXFileReference; lastKnownFileType = text.plist.xml; path = Info.plist; sourceTree = "<group>"; };
		97A65D231B0B08B1008F0C99 /* DynamicHeightCellLayoutDemoTests.m */ = {isa = PBXFileReference; lastKnownFileType = sourcecode.c.objc; path = DynamicHeightCellLayoutDemoTests.m; sourceTree = "<group>"; };
		97A65D2E1B0B0947008F0C99 /* UICollectionView+ARDynamicHeightLayoutCell.h */ = {isa = PBXFileReference; fileEncoding = 4; lastKnownFileType = sourcecode.c.h; path = "UICollectionView+ARDynamicHeightLayoutCell.h"; sourceTree = "<group>"; };
		97A65D2F1B0B0947008F0C99 /* UICollectionView+ARDynamicHeightLayoutCell.m */ = {isa = PBXFileReference; fileEncoding = 4; lastKnownFileType = sourcecode.c.objc; path = "UICollectionView+ARDynamicHeightLayoutCell.m"; sourceTree = "<group>"; };
		97A65D341B0B103F008F0C99 /* FeedModel.h */ = {isa = PBXFileReference; fileEncoding = 4; lastKnownFileType = sourcecode.c.h; path = FeedModel.h; sourceTree = "<group>"; };
		97A65D351B0B103F008F0C99 /* FeedModel.m */ = {isa = PBXFileReference; fileEncoding = 4; lastKnownFileType = sourcecode.c.objc; path = FeedModel.m; sourceTree = "<group>"; };
		97A65D391B0B214F008F0C99 /* DynamicHeightCell.h */ = {isa = PBXFileReference; fileEncoding = 4; lastKnownFileType = sourcecode.c.h; path = DynamicHeightCell.h; sourceTree = "<group>"; };
		97A65D3A1B0B214F008F0C99 /* DynamicHeightCell.m */ = {isa = PBXFileReference; fileEncoding = 4; lastKnownFileType = sourcecode.c.objc; path = DynamicHeightCell.m; sourceTree = "<group>"; };
		97A65D3B1B0B214F008F0C99 /* DynamicHeightCell.xib */ = {isa = PBXFileReference; fileEncoding = 4; lastKnownFileType = file.xib; path = DynamicHeightCell.xib; sourceTree = "<group>"; };
		97BCDED21B1B34CE00573AB7 /* DynamicSizeCell.h */ = {isa = PBXFileReference; fileEncoding = 4; lastKnownFileType = sourcecode.c.h; path = DynamicSizeCell.h; sourceTree = "<group>"; };
		97BCDED31B1B34CE00573AB7 /* DynamicSizeCell.m */ = {isa = PBXFileReference; fileEncoding = 4; lastKnownFileType = sourcecode.c.objc; path = DynamicSizeCell.m; sourceTree = "<group>"; };
		97BCDED41B1B34CE00573AB7 /* DynamicSizeCell.xib */ = {isa = PBXFileReference; fileEncoding = 4; lastKnownFileType = file.xib; path = DynamicSizeCell.xib; sourceTree = "<group>"; };
/* End PBXFileReference section */

/* Begin PBXFrameworksBuildPhase section */
		97A65D011B0B08B1008F0C99 /* Frameworks */ = {
			isa = PBXFrameworksBuildPhase;
			buildActionMask = 2147483647;
			files = (
			);
			runOnlyForDeploymentPostprocessing = 0;
		};
		97A65D1A1B0B08B1008F0C99 /* Frameworks */ = {
			isa = PBXFrameworksBuildPhase;
			buildActionMask = 2147483647;
			files = (
			);
			runOnlyForDeploymentPostprocessing = 0;
		};
/* End PBXFrameworksBuildPhase section */

/* Begin PBXGroup section */
		977B95EB1B1D568100A6F465 /* Cells */ = {
			isa = PBXGroup;
			children = (
				97A65D391B0B214F008F0C99 /* DynamicHeightCell.h */,
				97A65D3A1B0B214F008F0C99 /* DynamicHeightCell.m */,
				97A65D3B1B0B214F008F0C99 /* DynamicHeightCell.xib */,
				97BCDED21B1B34CE00573AB7 /* DynamicSizeCell.h */,
				97BCDED31B1B34CE00573AB7 /* DynamicSizeCell.m */,
				97BCDED41B1B34CE00573AB7 /* DynamicSizeCell.xib */,
			);
			name = Cells;
			sourceTree = "<group>";
		};
		97A65CFB1B0B08B1008F0C99 = {
			isa = PBXGroup;
			children = (
				97A65D061B0B08B1008F0C99 /* DynamicHeightCellLayoutDemo */,
				97A65D201B0B08B1008F0C99 /* DynamicHeightCellLayoutDemoTests */,
				97A65D051B0B08B1008F0C99 /* Products */,
			);
			sourceTree = "<group>";
		};
		97A65D051B0B08B1008F0C99 /* Products */ = {
			isa = PBXGroup;
			children = (
				97A65D041B0B08B1008F0C99 /* DynamicHeightCellLayoutDemo.app */,
				97A65D1D1B0B08B1008F0C99 /* DynamicHeightCellLayoutDemoTests.xctest */,
			);
			name = Products;
			sourceTree = "<group>";
		};
		97A65D061B0B08B1008F0C99 /* DynamicHeightCellLayoutDemo */ = {
			isa = PBXGroup;
			children = (
				97A65D2D1B0B0923008F0C99 /* UICollectionView+ARDynamicHeightLayoutCell */,
				97A65D0B1B0B08B1008F0C99 /* AppDelegate.h */,
				97A65D0C1B0B08B1008F0C99 /* AppDelegate.m */,
				97A65D0E1B0B08B1008F0C99 /* ViewController.h */,
				97A65D0F1B0B08B1008F0C99 /* ViewController.m */,
				97A65D341B0B103F008F0C99 /* FeedModel.h */,
				97A65D351B0B103F008F0C99 /* FeedModel.m */,
				977B95EB1B1D568100A6F465 /* Cells */,
				97A65D111B0B08B1008F0C99 /* Main.storyboard */,
				97A65D141B0B08B1008F0C99 /* Images.xcassets */,
				97A65D161B0B08B1008F0C99 /* LaunchScreen.xib */,
				97A65D071B0B08B1008F0C99 /* Supporting Files */,
			);
			path = DynamicHeightCellLayoutDemo;
			sourceTree = "<group>";
		};
		97A65D071B0B08B1008F0C99 /* Supporting Files */ = {
			isa = PBXGroup;
			children = (
				97A65D081B0B08B1008F0C99 /* Info.plist */,
				97A65D091B0B08B1008F0C99 /* main.m */,
			);
			name = "Supporting Files";
			sourceTree = "<group>";
		};
		97A65D201B0B08B1008F0C99 /* DynamicHeightCellLayoutDemoTests */ = {
			isa = PBXGroup;
			children = (
				97A65D231B0B08B1008F0C99 /* DynamicHeightCellLayoutDemoTests.m */,
				97A65D211B0B08B1008F0C99 /* Supporting Files */,
			);
			path = DynamicHeightCellLayoutDemoTests;
			sourceTree = "<group>";
		};
		97A65D211B0B08B1008F0C99 /* Supporting Files */ = {
			isa = PBXGroup;
			children = (
				97A65D221B0B08B1008F0C99 /* Info.plist */,
			);
			name = "Supporting Files";
			sourceTree = "<group>";
		};
		97A65D2D1B0B0923008F0C99 /* UICollectionView+ARDynamicHeightLayoutCell */ = {
			isa = PBXGroup;
			children = (
				9791043F1B2290790090FE6D /* UICollectionView+ARDynamicCacheHeightLayoutCell.h */,
				979104401B2290790090FE6D /* UICollectionView+ARDynamicCacheHeightLayoutCell.m */,
				97A65D2E1B0B0947008F0C99 /* UICollectionView+ARDynamicHeightLayoutCell.h */,
				97A65D2F1B0B0947008F0C99 /* UICollectionView+ARDynamicHeightLayoutCell.m */,
			);
			path = "UICollectionView+ARDynamicHeightLayoutCell";
			sourceTree = SOURCE_ROOT;
		};
/* End PBXGroup section */

/* Begin PBXNativeTarget section */
		97A65D031B0B08B1008F0C99 /* DynamicHeightCellLayoutDemo */ = {
			isa = PBXNativeTarget;
			buildConfigurationList = 97A65D271B0B08B1008F0C99 /* Build configuration list for PBXNativeTarget "DynamicHeightCellLayoutDemo" */;
			buildPhases = (
				97A65D001B0B08B1008F0C99 /* Sources */,
				97A65D011B0B08B1008F0C99 /* Frameworks */,
				97A65D021B0B08B1008F0C99 /* Resources */,
			);
			buildRules = (
			);
			dependencies = (
			);
			name = DynamicHeightCellLayoutDemo;
			productName = DynamicHeightCellLayoutDemo;
			productReference = 97A65D041B0B08B1008F0C99 /* DynamicHeightCellLayoutDemo.app */;
			productType = "com.apple.product-type.application";
		};
		97A65D1C1B0B08B1008F0C99 /* DynamicHeightCellLayoutDemoTests */ = {
			isa = PBXNativeTarget;
			buildConfigurationList = 97A65D2A1B0B08B1008F0C99 /* Build configuration list for PBXNativeTarget "DynamicHeightCellLayoutDemoTests" */;
			buildPhases = (
				97A65D191B0B08B1008F0C99 /* Sources */,
				97A65D1A1B0B08B1008F0C99 /* Frameworks */,
				97A65D1B1B0B08B1008F0C99 /* Resources */,
			);
			buildRules = (
			);
			dependencies = (
				97A65D1F1B0B08B1008F0C99 /* PBXTargetDependency */,
			);
			name = DynamicHeightCellLayoutDemoTests;
			productName = DynamicHeightCellLayoutDemoTests;
			productReference = 97A65D1D1B0B08B1008F0C99 /* DynamicHeightCellLayoutDemoTests.xctest */;
			productType = "com.apple.product-type.bundle.unit-test";
		};
/* End PBXNativeTarget section */

/* Begin PBXProject section */
		97A65CFC1B0B08B1008F0C99 /* Project object */ = {
			isa = PBXProject;
			attributes = {
				LastUpgradeCheck = 0630;
				ORGANIZATIONNAME = August;
				TargetAttributes = {
					97A65D031B0B08B1008F0C99 = {
						CreatedOnToolsVersion = 6.3.1;
					};
					97A65D1C1B0B08B1008F0C99 = {
						CreatedOnToolsVersion = 6.3.1;
						TestTargetID = 97A65D031B0B08B1008F0C99;
					};
				};
			};
			buildConfigurationList = 97A65CFF1B0B08B1008F0C99 /* Build configuration list for PBXProject "DynamicHeightCellLayoutDemo" */;
			compatibilityVersion = "Xcode 3.2";
			developmentRegion = English;
			hasScannedForEncodings = 0;
			knownRegions = (
				en,
				Base,
			);
			mainGroup = 97A65CFB1B0B08B1008F0C99;
			productRefGroup = 97A65D051B0B08B1008F0C99 /* Products */;
			projectDirPath = "";
			projectRoot = "";
			targets = (
				97A65D031B0B08B1008F0C99 /* DynamicHeightCellLayoutDemo */,
				97A65D1C1B0B08B1008F0C99 /* DynamicHeightCellLayoutDemoTests */,
			);
		};
/* End PBXProject section */

/* Begin PBXResourcesBuildPhase section */
		97A65D021B0B08B1008F0C99 /* Resources */ = {
			isa = PBXResourcesBuildPhase;
			buildActionMask = 2147483647;
			files = (
				97A65D3D1B0B214F008F0C99 /* DynamicHeightCell.xib in Resources */,
				97BCDED61B1B34CE00573AB7 /* DynamicSizeCell.xib in Resources */,
				97A65D131B0B08B1008F0C99 /* Main.storyboard in Resources */,
				97A65D181B0B08B1008F0C99 /* LaunchScreen.xib in Resources */,
				97A65D151B0B08B1008F0C99 /* Images.xcassets in Resources */,
			);
			runOnlyForDeploymentPostprocessing = 0;
		};
		97A65D1B1B0B08B1008F0C99 /* Resources */ = {
			isa = PBXResourcesBuildPhase;
			buildActionMask = 2147483647;
			files = (
			);
			runOnlyForDeploymentPostprocessing = 0;
		};
/* End PBXResourcesBuildPhase section */

/* Begin PBXSourcesBuildPhase section */
		97A65D001B0B08B1008F0C99 /* Sources */ = {
			isa = PBXSourcesBuildPhase;
			buildActionMask = 2147483647;
			files = (
				97BCDED51B1B34CE00573AB7 /* DynamicSizeCell.m in Sources */,
				97A65D3C1B0B214F008F0C99 /* DynamicHeightCell.m in Sources */,
				97A65D101B0B08B1008F0C99 /* ViewController.m in Sources */,
				97A65D0D1B0B08B1008F0C99 /* AppDelegate.m in Sources */,
				97A65D301B0B0947008F0C99 /* UICollectionView+ARDynamicHeightLayoutCell.m in Sources */,
				97A65D361B0B103F008F0C99 /* FeedModel.m in Sources */,
				97A65D0A1B0B08B1008F0C99 /* main.m in Sources */,
				979104411B2290790090FE6D /* UICollectionView+ARDynamicCacheHeightLayoutCell.m in Sources */,
			);
			runOnlyForDeploymentPostprocessing = 0;
		};
		97A65D191B0B08B1008F0C99 /* Sources */ = {
			isa = PBXSourcesBuildPhase;
			buildActionMask = 2147483647;
			files = (
				97A65D241B0B08B1008F0C99 /* DynamicHeightCellLayoutDemoTests.m in Sources */,
			);
			runOnlyForDeploymentPostprocessing = 0;
		};
/* End PBXSourcesBuildPhase section */

/* Begin PBXTargetDependency section */
		97A65D1F1B0B08B1008F0C99 /* PBXTargetDependency */ = {
			isa = PBXTargetDependency;
			target = 97A65D031B0B08B1008F0C99 /* DynamicHeightCellLayoutDemo */;
			targetProxy = 97A65D1E1B0B08B1008F0C99 /* PBXContainerItemProxy */;
		};
/* End PBXTargetDependency section */

/* Begin PBXVariantGroup section */
		97A65D111B0B08B1008F0C99 /* Main.storyboard */ = {
			isa = PBXVariantGroup;
			children = (
				97A65D121B0B08B1008F0C99 /* Base */,
			);
			name = Main.storyboard;
			sourceTree = "<group>";
		};
		97A65D161B0B08B1008F0C99 /* LaunchScreen.xib */ = {
			isa = PBXVariantGroup;
			children = (
				97A65D171B0B08B1008F0C99 /* Base */,
			);
			name = LaunchScreen.xib;
			sourceTree = "<group>";
		};
/* End PBXVariantGroup section */

/* Begin XCBuildConfiguration section */
		97A65D251B0B08B1008F0C99 /* Debug */ = {
			isa = XCBuildConfiguration;
			buildSettings = {
				ALWAYS_SEARCH_USER_PATHS = NO;
				CLANG_CXX_LANGUAGE_STANDARD = "gnu++0x";
				CLANG_CXX_LIBRARY = "libc++";
				CLANG_ENABLE_MODULES = YES;
				CLANG_ENABLE_OBJC_ARC = YES;
				CLANG_WARN_BOOL_CONVERSION = YES;
				CLANG_WARN_CONSTANT_CONVERSION = YES;
				CLANG_WARN_DIRECT_OBJC_ISA_USAGE = YES_ERROR;
				CLANG_WARN_EMPTY_BODY = YES;
				CLANG_WARN_ENUM_CONVERSION = YES;
				CLANG_WARN_INT_CONVERSION = YES;
				CLANG_WARN_OBJC_ROOT_CLASS = YES_ERROR;
				CLANG_WARN_UNREACHABLE_CODE = YES;
				CLANG_WARN__DUPLICATE_METHOD_MATCH = YES;
				"CODE_SIGN_IDENTITY[sdk=iphoneos*]" = "iPhone Developer";
				COPY_PHASE_STRIP = NO;
				DEBUG_INFORMATION_FORMAT = "dwarf-with-dsym";
				ENABLE_STRICT_OBJC_MSGSEND = YES;
				GCC_C_LANGUAGE_STANDARD = gnu99;
				GCC_DYNAMIC_NO_PIC = NO;
				GCC_NO_COMMON_BLOCKS = YES;
				GCC_OPTIMIZATION_LEVEL = 0;
				GCC_PREPROCESSOR_DEFINITIONS = (
					"DEBUG=1",
					"$(inherited)",
				);
				GCC_SYMBOLS_PRIVATE_EXTERN = NO;
				GCC_WARN_64_TO_32_BIT_CONVERSION = YES;
				GCC_WARN_ABOUT_RETURN_TYPE = YES_ERROR;
				GCC_WARN_UNDECLARED_SELECTOR = YES;
				GCC_WARN_UNINITIALIZED_AUTOS = YES_AGGRESSIVE;
				GCC_WARN_UNUSED_FUNCTION = YES;
				GCC_WARN_UNUSED_VARIABLE = YES;
				IPHONEOS_DEPLOYMENT_TARGET = 8.3;
				MTL_ENABLE_DEBUG_INFO = YES;
				ONLY_ACTIVE_ARCH = YES;
				SDKROOT = iphoneos;
			};
			name = Debug;
		};
		97A65D261B0B08B1008F0C99 /* Release */ = {
			isa = XCBuildConfiguration;
			buildSettings = {
				ALWAYS_SEARCH_USER_PATHS = NO;
				CLANG_CXX_LANGUAGE_STANDARD = "gnu++0x";
				CLANG_CXX_LIBRARY = "libc++";
				CLANG_ENABLE_MODULES = YES;
				CLANG_ENABLE_OBJC_ARC = YES;
				CLANG_WARN_BOOL_CONVERSION = YES;
				CLANG_WARN_CONSTANT_CONVERSION = YES;
				CLANG_WARN_DIRECT_OBJC_ISA_USAGE = YES_ERROR;
				CLANG_WARN_EMPTY_BODY = YES;
				CLANG_WARN_ENUM_CONVERSION = YES;
				CLANG_WARN_INT_CONVERSION = YES;
				CLANG_WARN_OBJC_ROOT_CLASS = YES_ERROR;
				CLANG_WARN_UNREACHABLE_CODE = YES;
				CLANG_WARN__DUPLICATE_METHOD_MATCH = YES;
				"CODE_SIGN_IDENTITY[sdk=iphoneos*]" = "iPhone Developer";
				COPY_PHASE_STRIP = NO;
				DEBUG_INFORMATION_FORMAT = "dwarf-with-dsym";
				ENABLE_NS_ASSERTIONS = NO;
				ENABLE_STRICT_OBJC_MSGSEND = YES;
				GCC_C_LANGUAGE_STANDARD = gnu99;
				GCC_NO_COMMON_BLOCKS = YES;
				GCC_WARN_64_TO_32_BIT_CONVERSION = YES;
				GCC_WARN_ABOUT_RETURN_TYPE = YES_ERROR;
				GCC_WARN_UNDECLARED_SELECTOR = YES;
				GCC_WARN_UNINITIALIZED_AUTOS = YES_AGGRESSIVE;
				GCC_WARN_UNUSED_FUNCTION = YES;
				GCC_WARN_UNUSED_VARIABLE = YES;
				IPHONEOS_DEPLOYMENT_TARGET = 8.3;
				MTL_ENABLE_DEBUG_INFO = NO;
				SDKROOT = iphoneos;
				VALIDATE_PRODUCT = YES;
			};
			name = Release;
		};
		97A65D281B0B08B1008F0C99 /* Debug */ = {
			isa = XCBuildConfiguration;
			buildSettings = {
				ASSETCATALOG_COMPILER_APPICON_NAME = AppIcon;
				ASSETCATALOG_COMPILER_LAUNCHIMAGE_NAME = LaunchImage;
				INFOPLIST_FILE = DynamicHeightCellLayoutDemo/Info.plist;
				IPHONEOS_DEPLOYMENT_TARGET = 7.0;
				LD_RUNPATH_SEARCH_PATHS = "$(inherited) @executable_path/Frameworks";
				PRODUCT_NAME = "$(TARGET_NAME)";
			};
			name = Debug;
		};
		97A65D291B0B08B1008F0C99 /* Release */ = {
			isa = XCBuildConfiguration;
			buildSettings = {
				ASSETCATALOG_COMPILER_APPICON_NAME = AppIcon;
				ASSETCATALOG_COMPILER_LAUNCHIMAGE_NAME = LaunchImage;
				INFOPLIST_FILE = DynamicHeightCellLayoutDemo/Info.plist;
				IPHONEOS_DEPLOYMENT_TARGET = 7.0;
				LD_RUNPATH_SEARCH_PATHS = "$(inherited) @executable_path/Frameworks";
				PRODUCT_NAME = "$(TARGET_NAME)";
			};
			name = Release;
		};
		97A65D2B1B0B08B1008F0C99 /* Debug */ = {
			isa = XCBuildConfiguration;
			buildSettings = {
				BUNDLE_LOADER = "$(TEST_HOST)";
				FRAMEWORK_SEARCH_PATHS = (
					"$(SDKROOT)/Developer/Library/Frameworks",
					"$(inherited)",
				);
				GCC_PREPROCESSOR_DEFINITIONS = (
					"DEBUG=1",
					"$(inherited)",
				);
				INFOPLIST_FILE = DynamicHeightCellLayoutDemoTests/Info.plist;
				LD_RUNPATH_SEARCH_PATHS = "$(inherited) @executable_path/Frameworks @loader_path/Frameworks";
				PRODUCT_NAME = "$(TARGET_NAME)";
				TEST_HOST = "$(BUILT_PRODUCTS_DIR)/DynamicHeightCellLayoutDemo.app/DynamicHeightCellLayoutDemo";
			};
			name = Debug;
		};
		97A65D2C1B0B08B1008F0C99 /* Release */ = {
			isa = XCBuildConfiguration;
			buildSettings = {
				BUNDLE_LOADER = "$(TEST_HOST)";
				FRAMEWORK_SEARCH_PATHS = (
					"$(SDKROOT)/Developer/Library/Frameworks",
					"$(inherited)",
				);
				INFOPLIST_FILE = DynamicHeightCellLayoutDemoTests/Info.plist;
				LD_RUNPATH_SEARCH_PATHS = "$(inherited) @executable_path/Frameworks @loader_path/Frameworks";
				PRODUCT_NAME = "$(TARGET_NAME)";
				TEST_HOST = "$(BUILT_PRODUCTS_DIR)/DynamicHeightCellLayoutDemo.app/DynamicHeightCellLayoutDemo";
			};
			name = Release;
		};
/* End XCBuildConfiguration section */

/* Begin XCConfigurationList section */
		97A65CFF1B0B08B1008F0C99 /* Build configuration list for PBXProject "DynamicHeightCellLayoutDemo" */ = {
			isa = XCConfigurationList;
			buildConfigurations = (
				97A65D251B0B08B1008F0C99 /* Debug */,
				97A65D261B0B08B1008F0C99 /* Release */,
			);
			defaultConfigurationIsVisible = 0;
			defaultConfigurationName = Release;
		};
		97A65D271B0B08B1008F0C99 /* Build configuration list for PBXNativeTarget "DynamicHeightCellLayoutDemo" */ = {
			isa = XCConfigurationList;
			buildConfigurations = (
				97A65D281B0B08B1008F0C99 /* Debug */,
				97A65D291B0B08B1008F0C99 /* Release */,
			);
			defaultConfigurationIsVisible = 0;
			defaultConfigurationName = Release;
		};
		97A65D2A1B0B08B1008F0C99 /* Build configuration list for PBXNativeTarget "DynamicHeightCellLayoutDemoTests" */ = {
			isa = XCConfigurationList;
			buildConfigurations = (
				97A65D2B1B0B08B1008F0C99 /* Debug */,
				97A65D2C1B0B08B1008F0C99 /* Release */,
			);
			defaultConfigurationIsVisible = 0;
			defaultConfigurationName = Release;
		};
/* End XCConfigurationList section */
	};
	rootObject = 97A65CFC1B0B08B1008F0C99 /* Project object */;
}
